# THIS IS AN AUTOGENERATED FILE. DO NOT EDIT THIS FILE DIRECTLY.
# yarn lockfile v1


"@colors/colors@1.5.0":
  "integrity" "sha512-ooWCrlZP11i8GImSjTHYHLkvFDP48nS4+204nGb1RiX/WXYHmJA2III9/e2DWVabCESdW7hBAEzHRqUn9OUVvQ=="
  "resolved" "https://registry.npmjs.org/@colors/colors/-/colors-1.5.0.tgz"
  "version" "1.5.0"

"@fastify/ajv-compiler@^3.3.1":
  "integrity" "sha512-ebbEtlI7dxXF5ziNdr05mOY8NnDiPB1XvAlLHctRt/Rc+C3LCOVW5imUVX+mhvUhnNzmPBHewUkOFgGlCxgdAA=="
  "resolved" "https://registry.npmjs.org/@fastify/ajv-compiler/-/ajv-compiler-3.5.0.tgz"
  "version" "3.5.0"
  dependencies:
    "ajv" "^8.11.0"
    "ajv-formats" "^2.1.1"
    "fast-uri" "^2.0.0"

"@fastify/autoload@^5.7.1":
  "integrity" "sha512-F5c94MYAF0tacVu6X4/1ojO7fzmgrJXsqitDtpqknXgiHZpeFNhYSnNCUHPz6UDRKsfkDohmh0fiPTtOd8clzQ=="
  "resolved" "https://registry.npmjs.org/@fastify/autoload/-/autoload-5.7.1.tgz"
  "version" "5.7.1"
  dependencies:
    "pkg-up" "^3.1.0"

"@fastify/deepmerge@^1.0.0":
  "integrity" "sha512-J8TOSBq3SoZbDhM9+R/u77hP93gz/rajSA+K2kGyijPpORPWUXHUpTaleoj+92As0S9uPRP7Oi8IqMf0u+ro6A=="
  "resolved" "https://registry.npmjs.org/@fastify/deepmerge/-/deepmerge-1.3.0.tgz"
  "version" "1.3.0"

"@fastify/error@^3.0.0":
  "integrity" "sha512-KAfcLa+CnknwVi5fWogrLXgidLic+GXnLjijXdpl8pvkvbXU5BGa37iZO9FGvsh9ZL4y+oFi5cbHBm5UOG+dmQ=="
  "resolved" "https://registry.npmjs.org/@fastify/error/-/error-3.2.0.tgz"
  "version" "3.2.0"

"@fastify/fast-json-stringify-compiler@^4.1.0":
  "integrity" "sha512-ypZynRvXA3dibfPykQN3RB5wBdEUgSGgny8Qc6k163wYPLD4mEGEDkACp+00YmqkGvIm8D/xYoHajwyEdWD/eg=="
  "resolved" "https://registry.npmjs.org/@fastify/fast-json-stringify-compiler/-/fast-json-stringify-compiler-4.2.0.tgz"
  "version" "4.2.0"
  dependencies:
    "fast-json-stringify" "^5.0.0"

"@noble/curves@^0.6.4":
  "integrity" "sha512-EhjlSa2g2kZ69kmeq/FRZZ+FHcW/ptwVZHMjMw6f7eQqnFySPQAmYUFnhqF1rPLjNeslwOR64hfc8j7KGgAIsQ=="
  "resolved" "https://registry.npmjs.org/@noble/curves/-/curves-0.6.4.tgz"
  "version" "0.6.4"
  dependencies:
    "@noble/hashes" "1.2.0"

"@noble/hashes@1.2.0":
  "integrity" "sha512-FZfhjEDbT5GRswV3C6uvLPHMiVD6lQBmpoX5+eSiPaMTXte/IKqI5dykDxzZB/WBeK/CDuQRBWarPdi3FNY2zQ=="
  "resolved" "https://registry.npmjs.org/@noble/hashes/-/hashes-1.2.0.tgz"
  "version" "1.2.0"

"abort-controller@^3.0.0":
  "integrity" "sha512-h8lQ8tacZYnR3vNQTgibj+tODHI5/+l06Au2Pcriv/Gmet0eaj4TwWH41sO9wnHDiQsEj19q0drzdWdeAHtweg=="
  "resolved" "https://registry.npmjs.org/abort-controller/-/abort-controller-3.0.0.tgz"
  "version" "3.0.0"
  dependencies:
    "event-target-shim" "^5.0.0"

"abstract-level@^1.0.2":
  "integrity" "sha512-t6jv+xHy+VYwc4xqZMn2Pa9DjcdzvzZmQGRjTFc8spIbRGHgBrEKbPq+rYXc7CCo0lxgYvSgKVg9qZAhpVQSjA=="
  "resolved" "https://registry.npmjs.org/abstract-level/-/abstract-level-1.0.3.tgz"
  "version" "1.0.3"
  dependencies:
    "buffer" "^6.0.3"
    "catering" "^2.1.0"
    "is-buffer" "^2.0.5"
    "level-supports" "^4.0.0"
    "level-transcoder" "^1.0.1"
    "module-error" "^1.0.1"
    "queue-microtask" "^1.2.3"

"abstract-logging@^2.0.1":
  "integrity" "sha512-2BjRTZxTPvheOvGbBslFSYOUkr+SjPtOnrLP33f+VIWLzezQpZcqVg7ja3L4dBXmzzgwT+a029jRx5PCi3JuiA=="
  "resolved" "https://registry.npmjs.org/abstract-logging/-/abstract-logging-2.0.1.tgz"
  "version" "2.0.1"

"ajv-formats@^2.1.1":
  "integrity" "sha512-Wx0Kx52hxE7C18hkMEggYlEifqWZtYaRgouJor+WMdPnQyEK13vgEWyVNup7SoeeoLMsr4kf5h6dOW11I15MUA=="
  "resolved" "https://registry.npmjs.org/ajv-formats/-/ajv-formats-2.1.1.tgz"
  "version" "2.1.1"
  dependencies:
    "ajv" "^8.0.0"

"ajv@^8.0.0", "ajv@^8.10.0", "ajv@^8.11.0":
  "integrity" "sha512-sRu1kpcO9yLtYxBKvqfTeh9KzZEwO3STyX1HT+4CaDzC6HpTGYhIhPIzj9XuKU7KYDwnaeh5hcOwjy1QuJzBPA=="
  "resolved" "https://registry.npmjs.org/ajv/-/ajv-8.12.0.tgz"
  "version" "8.12.0"
  dependencies:
    "fast-deep-equal" "^3.1.1"
    "json-schema-traverse" "^1.0.0"
    "require-from-string" "^2.0.2"
    "uri-js" "^4.2.2"

"archy@^1.0.0":
  "integrity" "sha512-Xg+9RwCg/0p32teKdGMPTPnVXKD0w3DfHnFTficozsAgsvq2XenPJq/MYpzzQ/v8zrOyJn6Ds39VA4JIDwFfqw=="
  "resolved" "https://registry.npmjs.org/archy/-/archy-1.0.0.tgz"
  "version" "1.0.0"

"arconnect@^0.4.2":
  "integrity" "sha512-Jkpd4QL3TVqnd3U683gzXmZUVqBUy17DdJDuL/3D9rkysLgX6ymJ2e+sR+xyZF5Rh42CBqDXWNMmCjBXeP7Gbw=="
  "resolved" "https://registry.npmjs.org/arconnect/-/arconnect-0.4.2.tgz"
  "version" "0.4.2"
  dependencies:
    "arweave" "^1.10.13"

"arweave@^1.10.13", "arweave@^1.12.6":
  "integrity" "sha512-OglStwi/79e69XO42DbaqoOBNC9CZS+EupusYawRLMj0V2/zRlhrJi0WDuy4IaqY9LQYv8dHD9iyThvRUl9mqw=="
  "resolved" "https://registry.npmjs.org/arweave/-/arweave-1.12.6.tgz"
  "version" "1.12.6"
  dependencies:
    "arconnect" "^0.4.2"
    "asn1.js" "^5.4.1"
    "base64-js" "^1.5.1"
    "bignumber.js" "^9.0.2"

"asn1.js@^5.4.1":
  "integrity" "sha512-+I//4cYPccV8LdmBLiX8CYvf9Sp3vQsrqu2QNXRcrbiWvcx/UdlFiqUJJzxRQxgsZmvhXhn4cSKeSmoFjVdupA=="
  "resolved" "https://registry.npmjs.org/asn1.js/-/asn1.js-5.4.1.tgz"
  "version" "5.4.1"
  dependencies:
    "bn.js" "^4.0.0"
    "inherits" "^2.0.1"
    "minimalistic-assert" "^1.0.0"
    "safer-buffer" "^2.1.0"

"async@^2.6.4":
  "integrity" "sha512-mzo5dfJYwAn29PeiJ0zvwTo04zj8HDJj0Mn8TD7sno7q12prdbnasKJHhkm2c1LgrhlJ0teaea8860oxi51mGA=="
  "resolved" "https://registry.npmjs.org/async/-/async-2.6.4.tgz"
  "version" "2.6.4"
  dependencies:
    "lodash" "^4.17.14"

"async@3.2.3":
  "integrity" "sha512-spZRyzKL5l5BZQrr/6m/SqFdBN0q3OCI0f9rjfBzCMBIP4p75P620rR3gTmaksNOhmzgdxcaxdNfMy6anrbM0g=="
  "resolved" "https://registry.npmjs.org/async/-/async-3.2.3.tgz"
  "version" "3.2.3"

"atomic-sleep@^1.0.0":
  "integrity" "sha512-kNOjDqAh7px0XWNI+4QbzoiR/nTkHAWNud2uvnJquD1/x5a7EQZMJT0AczqK0Qn67oY/TTQ1LbUKajZpp3I9tQ=="
  "resolved" "https://registry.npmjs.org/atomic-sleep/-/atomic-sleep-1.0.0.tgz"
  "version" "1.0.0"

"avvio@^8.2.0":
  "integrity" "sha512-TAlMYvOuwGyLK3PfBb5WKBXZmXz2fVCgv23d6zZFdle/q3gPjmxBaeuC0pY0Dzs5PWMSgfqqEZkrye19GlDTgw=="
  "resolved" "https://registry.npmjs.org/avvio/-/avvio-8.2.1.tgz"
  "version" "8.2.1"
  dependencies:
    "archy" "^1.0.0"
    "debug" "^4.0.0"
    "fastq" "^1.6.1"

"base64-js@^1.3.1", "base64-js@^1.5.1":
  "integrity" "sha512-AKpaYlHn8t4SVbOHCy+b5+KKgvR4vrsD8vbvrbiQJps7fKDTkjkDry6ji0rUJjC0kzbNePLwzxq8iypo41qeWA=="
  "resolved" "https://registry.npmjs.org/base64-js/-/base64-js-1.5.1.tgz"
  "version" "1.5.1"

"bignumber.js@^9.0.2":
  "integrity" "sha512-pHm4LsMJ6lzgNGVfZHjMoO8sdoRhOzOH4MLmY65Jg70bpxCKu5iOHNJyfF6OyvYw7t8Fpf35RuzUyqnQsj8Vig=="
  "resolved" "https://registry.npmjs.org/bignumber.js/-/bignumber.js-9.1.1.tgz"
  "version" "9.1.1"

"bn.js@^4.0.0":
  "integrity" "sha512-c98Bf3tPniI+scsdk237ku1Dc3ujXQTSgyiPUDEOe7tRkhrqridvh8klBv0HCEso1OLOYcHuCv/cS6DNxKH+ZA=="
  "resolved" "https://registry.npmjs.org/bn.js/-/bn.js-4.12.0.tgz"
  "version" "4.12.0"

"browser-level@^1.0.1":
  "integrity" "sha512-XECYKJ+Dbzw0lbydyQuJzwNXtOpbMSq737qxJN11sIRTErOMShvDpbzTlgju7orJKvx4epULolZAuJGLzCmWRQ=="
  "resolved" "https://registry.npmjs.org/browser-level/-/browser-level-1.0.1.tgz"
  "version" "1.0.1"
  dependencies:
    "abstract-level" "^1.0.2"
    "catering" "^2.1.1"
    "module-error" "^1.0.2"
    "run-parallel-limit" "^1.1.0"

"buffer@^6.0.3":
  "integrity" "sha512-FTiCpNxtwiZZHEZbcbTIcZjERVICn9yq/pDFkTl95/AxzD1naBctN7YO68riM/gLSDY7sdrMby8hofADYuuqOA=="
  "resolved" "https://registry.npmjs.org/buffer/-/buffer-6.0.3.tgz"
  "version" "6.0.3"
  dependencies:
    "base64-js" "^1.3.1"
    "ieee754" "^1.2.1"

"busboy@^1.6.0":
  "integrity" "sha512-8SFQbg/0hQ9xy3UNTB0YEnsNBbWfhf7RtnzpL7TkBiTBRfrQ9Fxcnz7VJsleJpyp6rVLvXiuORqjlHi5q+PYuA=="
  "resolved" "https://registry.npmjs.org/busboy/-/busboy-1.6.0.tgz"
  "version" "1.6.0"
  dependencies:
    "streamsearch" "^1.1.0"

"catering@^2.1.0", "catering@^2.1.1":
  "integrity" "sha512-K7Qy8O9p76sL3/3m7/zLKbRkyOlSZAgzEaLhyj2mXS8PsCud2Eo4hAb8aLtZqHh0QGqLcb9dlJSu6lHRVENm1w=="
  "resolved" "https://registry.npmjs.org/catering/-/catering-2.1.1.tgz"
  "version" "2.1.1"

"classic-level@^1.2.0":
  "integrity" "sha512-qw5B31ANxSluWz9xBzklRWTUAJ1SXIdaVKTVS7HcTGKOAmExx65Wo5BUICW+YGORe2FOUaDghoI9ZDxj82QcFg=="
  "resolved" "https://registry.npmjs.org/classic-level/-/classic-level-1.2.0.tgz"
  "version" "1.2.0"
  dependencies:
    "abstract-level" "^1.0.2"
    "catering" "^2.1.0"
    "module-error" "^1.0.1"
    "napi-macros" "~2.0.0"
    "node-gyp-build" "^4.3.0"

"colors@1.0.x":
  "integrity" "sha512-pFGrxThWcWQ2MsAz6RtgeWe4NK2kUE1WfsrvvlctdII745EW9I0yflqhe7++M5LEc7bV2c/9/5zc8sFcpL0Drw=="
  "resolved" "https://registry.npmjs.org/colors/-/colors-1.0.3.tgz"
  "version" "1.0.3"

"commander@^10.0.0":
  "integrity" "sha512-zS5PnTI22FIRM6ylNW8G4Ap0IEOyk62fhLSD0+uHRT9McRCLGpkVNvao4bjimpK/GShynyQkFFxHhwMcETmduA=="
  "resolved" "https://registry.npmjs.org/commander/-/commander-10.0.0.tgz"
  "version" "10.0.0"

"cookie@^0.5.0":
  "integrity" "sha512-YZ3GUyn/o8gfKJlnlX7g7xq4gyO6OSuhGPKaaGssGB2qgDUS0gPgtTvoyZLTt9Ab6dC4hfc9dV5arkvc/OCmrw=="
  "resolved" "https://registry.npmjs.org/cookie/-/cookie-0.5.0.tgz"
  "version" "0.5.0"

"cycle@1.0.x":
  "integrity" "sha512-TVF6svNzeQCOpjCqsy0/CSy8VgObG3wXusJ73xW2GbG5rGx7lC8zxDSURicsXI2UsGdi2L0QNRCi745/wUDvsA=="
  "resolved" "https://registry.npmjs.org/cycle/-/cycle-1.0.3.tgz"
  "version" "1.0.3"

"debug@^4.0.0":
  "integrity" "sha512-PRWFHuSU3eDtQJPvnNY7Jcket1j0t5OuOsFzPPzsekD52Zl8qUfFIPEiswXqIvHWGVHOgX+7G/vCNNhehwxfkQ=="
  "resolved" "https://registry.npmjs.org/debug/-/debug-4.3.4.tgz"
  "version" "4.3.4"
  dependencies:
    "ms" "2.1.2"

"event-target-shim@^5.0.0":
  "integrity" "sha512-i/2XbnSz/uxRCU6+NdVJgKWDTM427+MqYbkQzD321DuCQJUqOuJKIA0IM2+W2xtYHdKOmZ4dR6fExsd4SXL+WQ=="
  "resolved" "https://registry.npmjs.org/event-target-shim/-/event-target-shim-5.0.1.tgz"
  "version" "5.0.1"

"events@^3.3.0":
  "integrity" "sha512-mQw+2fkQbALzQ7V0MY0IqdnXNOeTtP4r0lN9z7AAawCXgqea7bDii20AYrIBrFd/Hx0M2Ocz6S111CaFkUcb0Q=="
  "resolved" "https://registry.npmjs.org/events/-/events-3.3.0.tgz"
  "version" "3.3.0"

"eyes@0.1.x":
  "integrity" "sha512-GipyPsXO1anza0AOZdy69Im7hGFCNB7Y/NGjDlZGJ3GJJLtwNSb2vrzYrTYJRrRloVx7pl+bhUaTB8yiccPvFQ=="
  "resolved" "https://registry.npmjs.org/eyes/-/eyes-0.1.8.tgz"
  "version" "0.1.8"

"fast-content-type-parse@^1.0.0":
  "integrity" "sha512-Xbc4XcysUXcsP5aHUU7Nq3OwvHq97C+WnbkeIefpeYLX+ryzFJlU6OStFJhs6Ol0LkUGpcK+wL0JwfM+FCU5IA=="
  "resolved" "https://registry.npmjs.org/fast-content-type-parse/-/fast-content-type-parse-1.0.0.tgz"
  "version" "1.0.0"

"fast-decode-uri-component@^1.0.1":
  "integrity" "sha512-WKgKWg5eUxvRZGwW8FvfbaH7AXSh2cL+3j5fMGzUMCxWBJ3dV3a7Wz8y2f/uQ0e3B6WmodD3oS54jTQ9HVTIIg=="
  "resolved" "https://registry.npmjs.org/fast-decode-uri-component/-/fast-decode-uri-component-1.0.1.tgz"
  "version" "1.0.1"

"fast-deep-equal@^3.1.1", "fast-deep-equal@^3.1.3":
  "integrity" "sha512-f3qQ9oQy9j2AhBe/H9VC91wLmKBCCU/gDOnKNAYG5hswO7BLKj09Hc5HYNz9cGI++xlpDCIgDaitVs03ATR84Q=="
  "resolved" "https://registry.npmjs.org/fast-deep-equal/-/fast-deep-equal-3.1.3.tgz"
  "version" "3.1.3"

"fast-json-stringify@^5.0.0":
  "integrity" "sha512-rmw2Z8/mLkND8zI+3KTYIkNPEoF5v6GqDP/o+g7H3vjdWjBwuKpgAYFHIzL6ORRB+iqDjjtJnLIW9Mzxn5szOA=="
  "resolved" "https://registry.npmjs.org/fast-json-stringify/-/fast-json-stringify-5.5.0.tgz"
  "version" "5.5.0"
  dependencies:
    "@fastify/deepmerge" "^1.0.0"
    "ajv" "^8.10.0"
    "ajv-formats" "^2.1.1"
    "fast-deep-equal" "^3.1.3"
    "fast-uri" "^2.1.0"
    "rfdc" "^1.2.0"

"fast-querystring@^1.0.0":
  "integrity" "sha512-qR2r+e3HvhEFmpdHMv//U8FnFlnYjaC6QKDuaXALDkw2kvHO8WDjxH+f/rHGR4Me4pnk8p9JAkRNTjYHAKRn2Q=="
  "resolved" "https://registry.npmjs.org/fast-querystring/-/fast-querystring-1.1.1.tgz"
  "version" "1.1.1"
  dependencies:
    "fast-decode-uri-component" "^1.0.1"

"fast-redact@^3.1.1":
  "integrity" "sha512-+0em+Iya9fKGfEQGcd62Yv6onjBmmhV1uh86XVfOU8VwAe6kaFdQCWI9s0/Nnugx5Vd9tdbZ7e6gE2tR9dzXdw=="
  "resolved" "https://registry.npmjs.org/fast-redact/-/fast-redact-3.1.2.tgz"
  "version" "3.1.2"

"fast-uri@^2.0.0", "fast-uri@^2.1.0":
  "integrity" "sha512-cIusKBIt/R/oI6z/1nyfe2FvGKVTohVRfvkOhvx0nCEW+xf5NoCXjAHcWp93uOUBchzYcsvPlrapAdX1uW+YGg=="
  "resolved" "https://registry.npmjs.org/fast-uri/-/fast-uri-2.2.0.tgz"
  "version" "2.2.0"

"fastify@^4.13.0":
  "integrity" "sha512-p9ibdFWH3pZ7KPgmfHPKGUy2W4EWU2TEpwlcu58w4CwGyU3ARFfh2kwq6zpZ5W2ZGVbufi4tZbqHIHAlX/9Z/A=="
  "resolved" "https://registry.npmjs.org/fastify/-/fastify-4.13.0.tgz"
  "version" "4.13.0"
  dependencies:
    "@fastify/ajv-compiler" "^3.3.1"
    "@fastify/error" "^3.0.0"
    "@fastify/fast-json-stringify-compiler" "^4.1.0"
    "abstract-logging" "^2.0.1"
    "avvio" "^8.2.0"
    "fast-content-type-parse" "^1.0.0"
    "find-my-way" "^7.3.0"
    "light-my-request" "^5.6.1"
    "pino" "^8.5.0"
    "process-warning" "^2.0.0"
    "proxy-addr" "^2.0.7"
    "rfdc" "^1.3.0"
    "secure-json-parse" "^2.5.0"
    "semver" "^7.3.7"
    "tiny-lru" "^10.0.0"

"fastq@^1.6.1":
  "integrity" "sha512-wBrocU2LCXXa+lWBt8RoIRD89Fi8OdABODa/kEnyeyjS5aZO5/GNvI5sEINADqP/h8M29UHTHUb53sUu5Ihqdw=="
  "resolved" "https://registry.npmjs.org/fastq/-/fastq-1.15.0.tgz"
  "version" "1.15.0"
  dependencies:
    "reusify" "^1.0.4"

"find-my-way@^7.3.0":
  "integrity" "sha512-JFT7eURLU5FumlZ3VBGnveId82cZz7UR7OUu+THQJOwdQXxmS/g8v0KLoFhv97HreycOrmAbqjXD/4VG2j0uMQ=="
  "resolved" "https://registry.npmjs.org/find-my-way/-/find-my-way-7.4.0.tgz"
  "version" "7.4.0"
  dependencies:
    "fast-deep-equal" "^3.1.3"
    "fast-querystring" "^1.0.0"
    "safe-regex2" "^2.0.0"

"find-up@^3.0.0":
  "integrity" "sha512-1yD6RmLI1XBfxugvORwlck6f75tYL+iR0jqwsOrOxMZyGYqUuDhJ0l4AXdO1iX/FTs9cBAMEk1gWSEx1kSbylg=="
  "resolved" "https://registry.npmjs.org/find-up/-/find-up-3.0.0.tgz"
  "version" "3.0.0"
  dependencies:
    "locate-path" "^3.0.0"

"forwarded@0.2.0":
  "integrity" "sha512-buRG0fpBtRHSTCOASe6hD258tEubFoRLb4ZNA6NxMVHNw2gOcwHo9wyablzMzOA5z9xA9L1KNjk/Nt6MT9aYow=="
  "resolved" "https://registry.npmjs.org/forwarded/-/forwarded-0.2.0.tgz"
  "version" "0.2.0"

"ieee754@^1.2.1":
  "integrity" "sha512-dcyqhDvX1C46lXZcVqCpK+FtMRQVdIMN6/Df5js2zouUsqG7I6sFxitIC+7KYK29KdXOLHdu9zL4sFnoVQnqaA=="
  "resolved" "https://registry.npmjs.org/ieee754/-/ieee754-1.2.1.tgz"
  "version" "1.2.1"

"inherits@^2.0.1":
  "integrity" "sha512-k/vGaX4/Yla3WzyMCvTQOXYeIHvqOKtnqBduzTHpzpQZzAskKMhZ2K+EnBiSM9zGSoIFeMpXKxa4dYeZIQqewQ=="
  "resolved" "https://registry.npmjs.org/inherits/-/inherits-2.0.4.tgz"
  "version" "2.0.4"

"ipaddr.js@1.9.1":
  "integrity" "sha512-0KI/607xoxSToH7GjN1FfSbLoU0+btTicjsQSWQlh/hZykN8KpmMf7uYwPW3R+akZ6R/w18ZlXSHBYXiYUPO3g=="
  "resolved" "https://registry.npmjs.org/ipaddr.js/-/ipaddr.js-1.9.1.tgz"
  "version" "1.9.1"

"is-buffer@^2.0.5":
  "integrity" "sha512-i2R6zNFDwgEHJyQUtJEk0XFi1i0dPFn/oqjK3/vPCcDeJvW5NQ83V8QbicfF1SupOaB0h8ntgBC2YiE7dfyctQ=="
  "resolved" "https://registry.npmjs.org/is-buffer/-/is-buffer-2.0.5.tgz"
  "version" "2.0.5"

"isstream@0.1.x":
  "integrity" "sha512-Yljz7ffyPbrLpLngrMtZ7NduUgVvi6wG9RJ9IUcyCd59YQ911PBJphODUcbOVbqYfxe1wuYf/LJ8PauMRwsM/g=="
  "resolved" "https://registry.npmjs.org/isstream/-/isstream-0.1.2.tgz"
  "version" "0.1.2"

"json-schema-traverse@^1.0.0":
  "integrity" "sha512-NM8/P9n3XjXhIZn1lLhkFaACTOURQXjWhV4BA/RnOv8xvgqtqpAX9IO4mRQxSx1Rlo4tqzeqb0sOlruaOy3dug=="
  "resolved" "https://registry.npmjs.org/json-schema-traverse/-/json-schema-traverse-1.0.0.tgz"
  "version" "1.0.0"

"json5@^2.2.3":
  "integrity" "sha512-XmOWe7eyHYH14cLdVPoyg+GOH3rYX++KpzrylJwSW98t3Nk+U8XOl8FWKOgwtzdb8lXGf6zYwDUzeHMWfxasyg=="
  "resolved" "https://registry.npmjs.org/json5/-/json5-2.2.3.tgz"
  "version" "2.2.3"

"level-supports@^4.0.0":
  "integrity" "sha512-PbXpve8rKeNcZ9C1mUicC9auIYFyGpkV9/i6g76tLgANwWhtG2v7I4xNBUlkn3lE2/dZF3Pi0ygYGtLc4RXXdA=="
  "resolved" "https://registry.npmjs.org/level-supports/-/level-supports-4.0.1.tgz"
  "version" "4.0.1"

"level-transcoder@^1.0.1":
  "integrity" "sha512-t7bFwFtsQeD8cl8NIoQ2iwxA0CL/9IFw7/9gAjOonH0PWTTiRfY7Hq+Ejbsxh86tXobDQ6IOiddjNYIfOBs06w=="
  "resolved" "https://registry.npmjs.org/level-transcoder/-/level-transcoder-1.0.1.tgz"
  "version" "1.0.1"
  dependencies:
    "buffer" "^6.0.3"
    "module-error" "^1.0.1"

"level@^8.0.0":
  "integrity" "sha512-ypf0jjAk2BWI33yzEaaotpq7fkOPALKAgDBxggO6Q9HGX2MRXn0wbP1Jn/tJv1gtL867+YOjOB49WaUF3UoJNQ=="
  "resolved" "https://registry.npmjs.org/level/-/level-8.0.0.tgz"
  "version" "8.0.0"
  dependencies:
    "browser-level" "^1.0.1"
    "classic-level" "^1.2.0"

"light-my-request@^5.6.1":
  "integrity" "sha512-4BtD5C+VmyTpzlDPCZbsatZMJVgUIciSOwYhJDCbLffPZ35KoDkDj4zubLeHDEb35b4kkPeEv5imbh+RJxK/Pg=="
  "resolved" "https://registry.npmjs.org/light-my-request/-/light-my-request-5.8.0.tgz"
  "version" "5.8.0"
  dependencies:
    "cookie" "^0.5.0"
    "process-warning" "^2.0.0"
    "set-cookie-parser" "^2.4.1"

"locate-path@^3.0.0":
  "integrity" "sha512-7AO748wWnIhNqAuaty2ZWHkQHRSNfPVIsPIfwEOWO22AmaoVrWavlOcMR5nzTLNYvp36X220/maaRsrec1G65A=="
  "resolved" "https://registry.npmjs.org/locate-path/-/locate-path-3.0.0.tgz"
  "version" "3.0.0"
  dependencies:
    "p-locate" "^3.0.0"
    "path-exists" "^3.0.0"

"lodash@^4.17.14":
  "integrity" "sha512-v2kDEe57lecTulaDIuNTPy3Ry4gLGJ6Z1O3vE1krgXZNrsQ+LFTGHVxVjcXPs17LhbZVGedAJv8XZ1tvj5FvSg=="
  "resolved" "https://registry.npmjs.org/lodash/-/lodash-4.17.21.tgz"
  "version" "4.17.21"

"lru-cache@^6.0.0":
  "integrity" "sha512-Jo6dJ04CmSjuznwJSS3pUeWmd/H0ffTlkXXgwZi+eq1UCmqQwCh+eLsYOYCwY991i2Fah4h1BEMCx4qThGbsiA=="
  "resolved" "https://registry.npmjs.org/lru-cache/-/lru-cache-6.0.0.tgz"
  "version" "6.0.0"
  dependencies:
    "yallist" "^4.0.0"

"minimalistic-assert@^1.0.0":
  "integrity" "sha512-UtJcAD4yEaGtjPezWuO9wC4nwUnVH/8/Im3yEHQP4b67cXlD/Qr9hdITCU1xDbSEXg2XKNaP8jsReV7vQd00/A=="
  "resolved" "https://registry.npmjs.org/minimalistic-assert/-/minimalistic-assert-1.0.1.tgz"
  "version" "1.0.1"

"module-error@^1.0.1", "module-error@^1.0.2":
  "integrity" "sha512-0yuvsqSCv8LbaOKhnsQ/T5JhyFlCYLPXK3U2sgV10zoKQwzs/MyfuQUOZQ1V/6OCOJsK/TRgNVrPuPDqtdMFtA=="
  "resolved" "https://registry.npmjs.org/module-error/-/module-error-1.0.2.tgz"
  "version" "1.0.2"

"ms@2.1.2":
  "integrity" "sha512-sGkPx+VjMtmA6MX27oA4FBFELFCZZ4S4XqeGOXCv68tT+jb3vk/RyaKWP0PTKyWtmLSM0b+adUTEvbs1PEaH2w=="
  "resolved" "https://registry.npmjs.org/ms/-/ms-2.1.2.tgz"
  "version" "2.1.2"

"mute-stream@~0.0.4":
  "integrity" "sha512-nnbWWOkoWyUsTjKrhgD0dcz22mdkSnpYqbEjIm2nhwhuxlSkpywJmBo8h0ZqJdkp73mb90SssHkN4rsRaBAfAA=="
  "resolved" "https://registry.npmjs.org/mute-stream/-/mute-stream-0.0.8.tgz"
  "version" "0.0.8"

"napi-macros@~2.0.0":
  "integrity" "sha512-A0xLykHtARfueITVDernsAWdtIMbOJgKgcluwENp3AlsKN/PloyO10HtmoqnFAQAcxPkgZN7wdfPfEd0zNGxbg=="
  "resolved" "https://registry.npmjs.org/napi-macros/-/napi-macros-2.0.0.tgz"
  "version" "2.0.0"

"node-gyp-build@^4.3.0":
  "integrity" "sha512-NTZVKn9IylLwUzaKjkas1e4u2DLNcV4rdYagA4PWdPwW87Bi7z+BznyKSRwS/761tV/lzCGXplWsiaMjLqP2zQ=="
  "resolved" "https://registry.npmjs.org/node-gyp-build/-/node-gyp-build-4.6.0.tgz"
  "version" "4.6.0"

"on-exit-leak-free@^2.1.0":
  "integrity" "sha512-VuCaZZAjReZ3vUwgOB8LxAosIurDiAW0s13rI1YwmaP++jvcxP77AWoQvenZebpCA2m8WC1/EosPYPMjnRAp/w=="
  "resolved" "https://registry.npmjs.org/on-exit-leak-free/-/on-exit-leak-free-2.1.0.tgz"
  "version" "2.1.0"

"p-limit@^2.0.0":
  "integrity" "sha512-//88mFWSJx8lxCzwdAABTJL2MyWB12+eIY7MDL2SqLmAkeKU9qxRvWuSyTjm3FUmpBEMuFfckAIqEaVGUDxb6w=="
  "resolved" "https://registry.npmjs.org/p-limit/-/p-limit-2.3.0.tgz"
  "version" "2.3.0"
  dependencies:
    "p-try" "^2.0.0"

"p-locate@^3.0.0":
  "integrity" "sha512-x+12w/To+4GFfgJhBEpiDcLozRJGegY+Ei7/z0tSLkMmxGZNybVMSfWj9aJn8Z5Fc7dBUNJOOVgPv2H7IwulSQ=="
  "resolved" "https://registry.npmjs.org/p-locate/-/p-locate-3.0.0.tgz"
  "version" "3.0.0"
  dependencies:
    "p-limit" "^2.0.0"

"p-try@^2.0.0":
  "integrity" "sha512-R4nPAVTAU0B9D35/Gk3uJf/7XYbQcyohSKdvAxIRSNghFl4e71hVoGnBNQz9cWaXxO2I10KTC+3jMdvvoKw6dQ=="
  "resolved" "https://registry.npmjs.org/p-try/-/p-try-2.2.0.tgz"
  "version" "2.2.0"

"path-exists@^3.0.0":
  "integrity" "sha512-bpC7GYwiDYQ4wYLe+FA8lhRjhQCMcQGuSgGGqDkg/QerRWw9CmGRT0iSOVRSZJ29NMLZgIzqaljJ63oaL4NIJQ=="
  "resolved" "https://registry.npmjs.org/path-exists/-/path-exists-3.0.0.tgz"
  "version" "3.0.0"

"pino-abstract-transport@v1.0.0":
  "integrity" "sha512-c7vo5OpW4wIS42hUVcT5REsL8ZljsUfBjqV/e2sFxmFEFZiq1XLUp5EYLtuDH6PEHq9W1egWqRbnLUP5FuZmOA=="
  "resolved" "https://registry.npmjs.org/pino-abstract-transport/-/pino-abstract-transport-1.0.0.tgz"
  "version" "1.0.0"
  dependencies:
    "readable-stream" "^4.0.0"
    "split2" "^4.0.0"

"pino-std-serializers@^6.0.0":
  "integrity" "sha512-KO0m2f1HkrPe9S0ldjx7za9BJjeHqBku5Ch8JyxETxT8dEFGz1PwgrHaOQupVYitpzbFSYm7nnljxD8dik2c+g=="
  "resolved" "https://registry.npmjs.org/pino-std-serializers/-/pino-std-serializers-6.1.0.tgz"
  "version" "6.1.0"

"pino@^8.5.0":
  "integrity" "sha512-ODfIe+giJtQGsvNAEj5/sHHpL3TFBg161JBH4W62Hc0l0PJjsDFD1R7meLI4PZ2aoHDJznxFNShkJcaG/qJToQ=="
  "resolved" "https://registry.npmjs.org/pino/-/pino-8.10.0.tgz"
  "version" "8.10.0"
  dependencies:
    "atomic-sleep" "^1.0.0"
    "fast-redact" "^3.1.1"
    "on-exit-leak-free" "^2.1.0"
    "pino-abstract-transport" "v1.0.0"
    "pino-std-serializers" "^6.0.0"
    "process-warning" "^2.0.0"
    "quick-format-unescaped" "^4.0.3"
    "real-require" "^0.2.0"
    "safe-stable-stringify" "^2.3.1"
    "sonic-boom" "^3.1.0"
    "thread-stream" "^2.0.0"

"pkg-up@^3.1.0":
  "integrity" "sha512-nDywThFk1i4BQK4twPQ6TA4RT8bDY96yeuCVBWL3ePARCiEKDRSrNGbFIgUJpLp+XeIR65v8ra7WuJOFUBtkMA=="
  "resolved" "https://registry.npmjs.org/pkg-up/-/pkg-up-3.1.0.tgz"
  "version" "3.1.0"
  dependencies:
    "find-up" "^3.0.0"

"process-warning@^2.0.0":
  "integrity" "sha512-9C20RLxrZU/rFnxWncDkuF6O999NdIf3E1ws4B0ZeY3sRVPzWBMsYDE2lxjxhiXxg464cQTgKUGm8/i6y2YGXg=="
  "resolved" "https://registry.npmjs.org/process-warning/-/process-warning-2.1.0.tgz"
  "version" "2.1.0"

"process@^0.11.10":
  "integrity" "sha512-cdGef/drWFoydD1JsMzuFf8100nZl+GT+yacc2bEced5f9Rjk4z+WtFUTBu9PhOi9j/jfmBPu0mMEY4wIdAF8A=="
  "resolved" "https://registry.npmjs.org/process/-/process-0.11.10.tgz"
  "version" "0.11.10"

"prompt@^1.3.0":
  "integrity" "sha512-ZkaRWtaLBZl7KKAKndKYUL8WqNT+cQHKRZnT4RYYms48jQkFw3rrBL+/N5K/KtdEveHkxs982MX2BkDKub2ZMg=="
  "resolved" "https://registry.npmjs.org/prompt/-/prompt-1.3.0.tgz"
  "version" "1.3.0"
  dependencies:
    "@colors/colors" "1.5.0"
    "async" "3.2.3"
    "read" "1.0.x"
    "revalidator" "0.1.x"
    "winston" "2.x"

"proxy-addr@^2.0.7":
  "integrity" "sha512-llQsMLSUDUPT44jdrU/O37qlnifitDP+ZwrmmZcoSKyLKvtZxpyV0n2/bD/N4tBAAZ/gJEdZU7KMraoK1+XYAg=="
  "resolved" "https://registry.npmjs.org/proxy-addr/-/proxy-addr-2.0.7.tgz"
  "version" "2.0.7"
  dependencies:
    "forwarded" "0.2.0"
    "ipaddr.js" "1.9.1"

"punycode@^2.1.0":
  "integrity" "sha512-rRV+zQD8tVFys26lAGR9WUuS4iUAngJScM+ZRSKtvl5tKeZ2t5bvdNFdNHBW9FWR4guGHlgmsZ1G7BSm2wTbuA=="
  "resolved" "https://registry.npmjs.org/punycode/-/punycode-2.3.0.tgz"
  "version" "2.3.0"

"queue-microtask@^1.2.2", "queue-microtask@^1.2.3":
  "integrity" "sha512-NuaNSa6flKT5JaSYQzJok04JzTL1CA6aGhv5rfLW3PgqA+M2ChpZQnAC8h8i4ZFkBS8X5RqkDBHA7r4hej3K9A=="
  "resolved" "https://registry.npmjs.org/queue-microtask/-/queue-microtask-1.2.3.tgz"
  "version" "1.2.3"

"quick-format-unescaped@^4.0.3":
  "integrity" "sha512-tYC1Q1hgyRuHgloV/YXs2w15unPVh8qfu/qCTfhTYamaw7fyhumKa2yGpdSo87vY32rIclj+4fWYQXUMs9EHvg=="
  "resolved" "https://registry.npmjs.org/quick-format-unescaped/-/quick-format-unescaped-4.0.4.tgz"
  "version" "4.0.4"

"read@1.0.x":
  "integrity" "sha512-rSOKNYUmaxy0om1BNjMN4ezNT6VKK+2xF4GBhc81mkH7L60i6dp8qPYrkndNLT3QPphoII3maL9PVC9XmhHwVQ=="
  "resolved" "https://registry.npmjs.org/read/-/read-1.0.7.tgz"
  "version" "1.0.7"
  dependencies:
    "mute-stream" "~0.0.4"

"readable-stream@^4.0.0":
  "integrity" "sha512-MuEnA0lbSi7JS8XM+WNJlWZkHAAdm7gETHdFK//Q/mChGyj2akEFtdLZh32jSdkWGbRwCW9pn6g3LWDdDeZnBQ=="
  "resolved" "https://registry.npmjs.org/readable-stream/-/readable-stream-4.3.0.tgz"
  "version" "4.3.0"
  dependencies:
    "abort-controller" "^3.0.0"
    "buffer" "^6.0.3"
    "events" "^3.3.0"
    "process" "^0.11.10"

"real-require@^0.2.0":
  "integrity" "sha512-57frrGM/OCTLqLOAh0mhVA9VBMHd+9U7Zb2THMGdBUoZVOtGbJzjxsYGDJ3A9AYYCP4hn6y1TVbaOfzWtm5GFg=="
  "resolved" "https://registry.npmjs.org/real-require/-/real-require-0.2.0.tgz"
  "version" "0.2.0"

"require-from-string@^2.0.2":
  "integrity" "sha512-Xf0nWe6RseziFMu+Ap9biiUbmplq6S9/p+7w7YXP/JBHhrUDDUhwa+vANyubuqfZWTveU//DYVGsDG7RKL/vEw=="
  "resolved" "https://registry.npmjs.org/require-from-string/-/require-from-string-2.0.2.tgz"
  "version" "2.0.2"

"ret@~0.2.0":
  "integrity" "sha512-M0b3YWQs7R3Z917WRQy1HHA7Ba7D8hvZg6UE5mLykJxQVE2ju0IXbGlaHPPlkY+WN7wFP+wUMXmBFA0aV6vYGQ=="
  "resolved" "https://registry.npmjs.org/ret/-/ret-0.2.2.tgz"
  "version" "0.2.2"

"reusify@^1.0.4":
  "integrity" "sha512-U9nH88a3fc/ekCF1l0/UP1IosiuIjyTh7hBvXVMHYgVcfGvt897Xguj2UOLDeI5BG2m7/uwyaLVT6fbtCwTyzw=="
  "resolved" "https://registry.npmjs.org/reusify/-/reusify-1.0.4.tgz"
  "version" "1.0.4"

"revalidator@0.1.x":
  "integrity" "sha512-xcBILK2pA9oh4SiinPEZfhP8HfrB/ha+a2fTMyl7Om2WjlDVrOQy99N2MXXlUHqGJz4qEu2duXxHJjDWuK/0xg=="
  "resolved" "https://registry.npmjs.org/revalidator/-/revalidator-0.1.8.tgz"
  "version" "0.1.8"

"rfdc@^1.2.0", "rfdc@^1.3.0":
  "integrity" "sha512-V2hovdzFbOi77/WajaSMXk2OLm+xNIeQdMMuB7icj7bk6zi2F8GGAxigcnDFpJHbNyNcgyJDiP+8nOrY5cZGrA=="
  "resolved" "https://registry.npmjs.org/rfdc/-/rfdc-1.3.0.tgz"
  "version" "1.3.0"

"run-parallel-limit@^1.1.0":
  "integrity" "sha512-jJA7irRNM91jaKc3Hcl1npHsFLOXOoTkPCUL1JEa1R82O2miplXXRaGdjW/KM/98YQWDhJLiSs793CnXfblJUw=="
  "resolved" "https://registry.npmjs.org/run-parallel-limit/-/run-parallel-limit-1.1.0.tgz"
  "version" "1.1.0"
  dependencies:
    "queue-microtask" "^1.2.2"

"safe-regex2@^2.0.0":
  "integrity" "sha512-PaUSFsUaNNuKwkBijoAPHAK6/eM6VirvyPWlZ7BAQy4D+hCvh4B6lIG+nPdhbFfIbP+gTGBcrdsOaUs0F+ZBOQ=="
  "resolved" "https://registry.npmjs.org/safe-regex2/-/safe-regex2-2.0.0.tgz"
  "version" "2.0.0"
  dependencies:
    "ret" "~0.2.0"

"safe-stable-stringify@^2.3.1":
  "integrity" "sha512-gMxvPJYhP0O9n2pvcfYfIuYgbledAOJFcqRThtPRmjscaipiwcwPPKLytpVzMkG2HAN87Qmo2d4PtGiri1dSLA=="
  "resolved" "https://registry.npmjs.org/safe-stable-stringify/-/safe-stable-stringify-2.4.2.tgz"
  "version" "2.4.2"

"safer-buffer@^2.1.0":
  "integrity" "sha512-YZo3K82SD7Riyi0E1EQPojLz7kpepnSQI9IyPbHHg1XXXevb5dJI7tpyN2ADxGcQbHG7vcyRHk0cbwqcQriUtg=="
  "resolved" "https://registry.npmjs.org/safer-buffer/-/safer-buffer-2.1.2.tgz"
  "version" "2.1.2"

"secure-json-parse@^2.5.0":
  "integrity" "sha512-6aU+Rwsezw7VR8/nyvKTx8QpWH9FrcYiXXlqC4z5d5XQBDRqtbfsRjnwGyqbi3gddNtWHuEk9OANUotL26qKUw=="
  "resolved" "https://registry.npmjs.org/secure-json-parse/-/secure-json-parse-2.7.0.tgz"
  "version" "2.7.0"

"semver@^7.3.7":
  "integrity" "sha512-NB1ctGL5rlHrPJtFDVIVzTyQylMLu9N9VICA6HSFJo8MCGVTMW6gfpicwKmmK/dAjTOrqu5l63JJOpDSrAis3A=="
  "resolved" "https://registry.npmjs.org/semver/-/semver-7.3.8.tgz"
  "version" "7.3.8"
  dependencies:
    "lru-cache" "^6.0.0"

"set-cookie-parser@^2.4.1":
  "integrity" "sha512-1jeBGaKNGdEq4FgIrORu/N570dwoPYio8lSoYLWmX7sQ//0JY08Xh9o5pBcgmHQ/MbsYp/aZnOe1s1lIsbLprQ=="
  "resolved" "https://registry.npmjs.org/set-cookie-parser/-/set-cookie-parser-2.5.1.tgz"
  "version" "2.5.1"

"sonic-boom@^3.1.0":
  "integrity" "sha512-iITeTHxy3B9FGu8aVdiDXUVAcHMF9Ss0cCsAOo2HfCrmVGT3/DT5oYaeu0M/YKZDlKTvChEyPq0zI9Hf33EX6A=="
  "resolved" "https://registry.npmjs.org/sonic-boom/-/sonic-boom-3.2.1.tgz"
  "version" "3.2.1"
  dependencies:
    "atomic-sleep" "^1.0.0"

"split2@^4.0.0":
  "integrity" "sha512-VBiJxFkxiXRlUIeyMQi8s4hgvKCSjtknJv/LVYbrgALPwf5zSKmEwV9Lst25AkvMDnvxODugjdl6KZgwKM1WYQ=="
  "resolved" "https://registry.npmjs.org/split2/-/split2-4.1.0.tgz"
  "version" "4.1.0"

"stack-trace@0.0.x":
  "integrity" "sha512-KGzahc7puUKkzyMt+IqAep+TVNbKP+k2Lmwhub39m1AsTSkaDutx56aDCo+HLDzf/D26BIHTJWNiTG1KAJiQCg=="
  "resolved" "https://registry.npmjs.org/stack-trace/-/stack-trace-0.0.10.tgz"
  "version" "0.0.10"

"streamsearch@^1.1.0":
  "integrity" "sha512-Mcc5wHehp9aXz1ax6bZUyY5afg9u2rv5cqQI3mRrYkGC8rW2hM02jWuwjtL++LS5qinSyhj2QfLyNsuc+VsExg=="
  "resolved" "https://registry.npmjs.org/streamsearch/-/streamsearch-1.1.0.tgz"
  "version" "1.1.0"

"thread-stream@^2.0.0":
  "integrity" "sha512-kaDqm1DET9pp3NXwR8382WHbnpXnRkN9xGN9dQt3B2+dmXiW8X1SOwmFOxAErEQ47ObhZ96J6yhZNXuyCOL7KA=="
  "resolved" "https://registry.npmjs.org/thread-stream/-/thread-stream-2.3.0.tgz"
  "version" "2.3.0"
  dependencies:
    "real-require" "^0.2.0"

"tiny-lru@^10.0.0":
  "integrity" "sha512-Vst+6kEsWvb17Zpz14sRJV/f8bUWKhqm6Dc+v08iShmIJ/WxqWytHzCTd6m88pS33rE2zpX34TRmOpAJPloNCA=="
  "resolved" "https://registry.npmjs.org/tiny-lru/-/tiny-lru-10.0.1.tgz"
  "version" "10.0.1"

"undici@^5.18.0":
  "integrity" "sha512-1iVwbhonhFytNdg0P4PqyIAXbdlVZVebtPDvuM36m66mRw4OGrCm2MYynJv/UENFLdP13J1nPVQzVE2zTs1OeA=="
  "resolved" "https://registry.npmjs.org/undici/-/undici-5.18.0.tgz"
  "version" "5.18.0"
  dependencies:
    "busboy" "^1.6.0"

"uri-js@^4.2.2":
  "integrity" "sha512-7rKUyy33Q1yc98pQ1DAmLtwX109F7TIfWlW1Ydo8Wl1ii1SeHieeh0HHfPeL2fMXK6z0s8ecKs9frCuLJvndBg=="
  "resolved" "https://registry.npmjs.org/uri-js/-/uri-js-4.4.1.tgz"
  "version" "4.4.1"
  dependencies:
    "punycode" "^2.1.0"

"winston@2.x":
  "integrity" "sha512-vLB4BqzCKDnnZH9PHGoS2ycawueX4HLqENXQitvFHczhgW2vFpSOn31LZtVr1KU8YTw7DS4tM+cqyovxo8taVg=="
  "resolved" "https://registry.npmjs.org/winston/-/winston-2.4.7.tgz"
  "version" "2.4.7"
  dependencies:
    "async" "^2.6.4"
    "colors" "1.0.x"
    "cycle" "1.0.x"
    "eyes" "0.1.x"
    "isstream" "0.1.x"
    "stack-trace" "0.0.x"

"yallist@^4.0.0":
  "integrity" "sha512-3wdGidZyq5PB084XLES5TpOSRA3wjXAlIWMhum2kRcv/41Sn2emQ0dycQW4uZXLejwKvg6EsvbdlVL+FYEct7A=="
  "resolved" "https://registry.npmjs.org/yallist/-/yallist-4.0.0.tgz"
  "version" "4.0.0"
